{
    "_meta": {
        "hash": {
            "sha256": "efde27006c1d9843a26f5e1c1b3dc2304f3f45b5a63e19510c78b2730fce287b"
        },
        "pipfile-spec": 6,
        "requires": {},
        "sources": [
            {
                "name": "pypi",
                "url": "https://pypi.org/simple",
                "verify_ssl": true
            }
        ]
    },
    "default": {
        "cothread": {
            "hashes": [
                "sha256:50cf5b5a65e7fcfd113f06c2d6b1f363e37b0caee412c75ac7608377aa0bd10a"
            ],
            "version": "==2.17"
        },
        "epicscorelibs": {
            "hashes": [
                "sha256:01d45ae25d844afe71893838f36ea649ccc3e1e72a96076b33242437efb1ce13",
                "sha256:0269ba469aa8117d86e865b09e9f3b3afdb891f5f544a90d8af037039015b995",
                "sha256:1c6f00360ab2e89081c031ff499f5695bd687102a561160cf6304b64cf325ca5",
                "sha256:1cbed1cb9b7fa3744723dfb78a1aaa7ff9d475e9dee6e6e21ebb1e682421cd35",
                "sha256:223515de1da16fd7a06892e41a1e5bc870b57bbf1a0a4ac3dc3e069b647d7313",
                "sha256:329179971288722eb7f7d085fced198ff30468cc225d9677f08175074680b4ef",
                "sha256:32f91502afa9639fe576fa5bfa137352ee04f929d2887a2c7c169c24c0658808",
                "sha256:3c8958b7c3385dc190948af429a7c10d18e71142d749776250341e1db6b3d05b",
                "sha256:3eb16a21760110e0d159e7ee0f97a36250a83abc0ca6ec08806d4ad148c48761",
                "sha256:3f07babd8ff1c7499cbe9f95dd80a8cbee45f9f38bda2f6c72855c4c647d2dc7",
                "sha256:5766a0dafcd02af7ecead064d5502282eac1c66afdddf7235ae822228eedac11",
                "sha256:5a18ab11d8a565b9ea9e035218b5ac44b86d21162d7260ecb54fad43f506d70f",
                "sha256:64dd24d80b8dd1bca73ce8ffe0673306cf7018dba61883bd1b7b4ff179ac0623",
                "sha256:773d51ade8a9c44333a56aae1224afe4c238750643c5a05a461186d9ce7f4cf6",
                "sha256:86921315b855993c0316eb938586c8b99acc21ba5ed26ac0cb66d32e1682f89b",
                "sha256:941643c2e90665305deddc4a7fe99dceb5488c80d1c31bd4a96169a92adea73f",
                "sha256:9a4b401e22a96b9cacc2429f67179fed4a1414e5629f78865d6c63d92ec19439",
                "sha256:9be6cf03ad466812cd659fa2a6af1c8efd33946abdf0a2c5f8901df2289f2dda",
                "sha256:a9e07998cca913e6cf5f448c37dc1c2f29acc5fec4aca19ed80cd127b65e5d69",
                "sha256:ac260dbd4b28a53c8ebac4f902d03448432b46d3fff7809488a63263b7efbd05",
                "sha256:b0d606a0c0c020387136b1b19091d661b1b2f5763377d6a0b13152351f42ad53",
                "sha256:b64b38b4f48601054a7bd0423d1559c1a2281cb962fd4cd4c1088f49ac29b2b7",
                "sha256:b69e91fe38f818a71fd4fbf22ac17d577bdce914d4940883586e57d629030328",
                "sha256:c3deebf918866f5bdd4fbc5f52b1c89c96121619573698442876eecdf1f9a985",
                "sha256:cbb5a14534e68eb2a10904ba020191c858860f2dfebbdff969d160a29020724e",
                "sha256:d729c35c29681acc3b666e59f041e6bd228c931b8303507bb046e331e5f11f67",
                "sha256:f165e4754249ee12bd38ba68ed72dc27764b28a02654c224c690f68b95519455",
                "sha256:f40ae0290be4d84c560f848f4b0340b3c9ff466bd52fcbd11899199fa0be9b4b"
            ],
            "version": "==7.0.6.99.2.0"
        },
        "epicsdbbuilder": {
            "hashes": [
                "sha256:40e01ca308b667d17b31dc1907816df20c31b389415268d9ec6e2be6c3b8f283",
                "sha256:ae8dc724c72478d2c6a68b08145d027a50af98702d17e4692f2d73f145818e74"
            ],
            "version": "==1.5"
        },
        "epicsmonmtca": {
            "editable": true,
            "path": "."
        },
        "future": {
            "hashes": [
                "sha256:8562ad63681f6c0d8c19ded94910cabc065d2c751077753bd1e4a045c7214784"
            ],
            "version": "==0.18.2"
        },
        "numpy": {
            "hashes": [
                "sha256:00c9fa73a6989895b8815d98300a20ac993c49ac36c8277e8ffeaa3631c0dbbb",
                "sha256:025b497014bc33fc23897859350f284323f32a2fff7654697f5a5fc2a19e9939",
                "sha256:08de8472d9f7571f9d51b27b75e827f5296295fa78817032e84464be8bb905bc",
                "sha256:1964db2d4a00348b7a60ee9d013c8cb0c566644a589eaa80995126eac3b99ced",
                "sha256:2a9add27d7fc0fdb572abc3b2486eb3b1395da71e0254c5552b2aad2a18b5441",
                "sha256:2d8adfca843bc46ac199a4645233f13abf2011a0b2f4affc5c37cd552626f27b",
                "sha256:301e408a052fdcda5cdcf03021ebafc3c6ea093021bf9d1aa47c54d48bdad166",
                "sha256:311283acf880cfcc20369201bd75da907909afc4666966c7895cbed6f9d2c640",
                "sha256:341dddcfe3b7b6427a28a27baa59af5ad51baa59bfec3264f1ab287aa3b30b13",
                "sha256:3a5098df115340fb17fc93867317a947e1dcd978c3888c5ddb118366095851f8",
                "sha256:3c978544be9e04ed12016dd295a74283773149b48f507d69b36f91aa90a643e5",
                "sha256:3d893b0871322eaa2f8c7072cdb552d8e2b27645b7875a70833c31e9274d4611",
                "sha256:4fe6a006557b87b352c04596a6e3f12a57d6e5f401d804947bd3188e6b0e0e76",
                "sha256:507c05c7a37b3683eb08a3ff993bd1ee1e6c752f77c2f275260533b265ecdb6c",
                "sha256:58ca1d7c8aef6e996112d0ce873ac9dfa1eaf4a1196b4ff7ff73880a09923ba7",
                "sha256:61bada43d494515d5b122f4532af226fdb5ee08fe5b5918b111279843dc6836a",
                "sha256:69a5a8d71c308d7ef33ef72371c2388a90e3495dbb7993430e674006f94797d5",
                "sha256:6a5928bc6241264dce5ed509e66f33676fc97f464e7a919edc672fb5532221ee",
                "sha256:7b9d6b14fc9a4864b08d1ba57d732b248f0e482c7b2ff55c313137e3ed4d8449",
                "sha256:a7c4b701ca418cd39e28ec3b496e6388fe06de83f5f0cb74794fa31cfa384c02",
                "sha256:a7e8f6216f180f3fd4efb73de5d1eaefb5f5a1ee5b645c67333033e39440e63a",
                "sha256:b545ebadaa2b878c8630e5bcdb97fc4096e779f335fc0f943547c1c91540c815",
                "sha256:c293d3c0321996cd8ffe84215ffe5d269fd9d1d12c6f4ffe2b597a7c30d3e593",
                "sha256:c5562bcc1a9b61960fc8950ade44d00e3de28f891af0acc96307c73613d18f6e",
                "sha256:ca9c23848292c6fe0a19d212790e62f398fd9609aaa838859be8459bfbe558aa",
                "sha256:cc1b30205d138d1005adb52087ff45708febbef0e420386f58664f984ef56954",
                "sha256:dbce7adeb66b895c6aaa1fad796aaefc299ced597f6fbd9ceddb0dd735245354",
                "sha256:dc4b2fb01f1b4ddbe2453468ea0719f4dbb1f5caa712c8b21bb3dd1480cd30d9",
                "sha256:eed2afaa97ec33b4411995be12f8bdb95c87984eaa28d76cf628970c8a2d689a",
                "sha256:fc7a7d7b0ed72589fd8b8486b9b42a564f10b8762be8bd4d9df94b807af4a089"
            ],
            "version": "==1.21.5"
        },
        "python-ipmi": {
            "hashes": [
                "sha256:1c34674842a91c49f975b498e380e4d3ba801c8abe073ca00fbe7e4644cee2b9",
                "sha256:b2ad7591ce9a47d70f50f9e4eee09434b3ee8dfd0c73f0b01b3f0a5307d24a64"
            ],
            "version": "==0.5.2.1"
        },
        "setuptools-dso": {
            "hashes": [
                "sha256:10f0e4eab7bf6789f76a5544f15a1be0f285413652b7d3d7ac11203ce72569d5",
                "sha256:bcf27777d7fc39359ab56c5a393c0aa62ae7bc84f30d1f36a40d6143f0af14b0"
            ],
            "version": "==2.1"
        },
        "softioc": {
            "hashes": [
                "sha256:09a78de4b0f22bd43b3a39d8a1e161a820a7684b116e6038fa928bb562e46909",
                "sha256:19b13aa7235b8326cefe09d7c8e3d94193b6d4a584997bef7ad802f65aa774db",
                "sha256:620c1c21a14fdc57426cf73a09af91c7a4457be7e6345c86c27572d937d74628",
                "sha256:66ff11bf613b193a9571644ab3e2170866e161889cf55b6b59d7e0bf1909a03d",
                "sha256:6b18985638d871e5de00c3acbca88e17811db1d74117e40826356e6969a021fc",
                "sha256:73e1f480ccd45203e322c5c47a118831040cda8686175339848d13e65b8c0beb",
                "sha256:75a65ea4f0f122c87f658599b8d0804259d95cf0118da38921f70ac026cdc0e5",
                "sha256:906a761e6094ca59be17e5e25315920a9cb120d3265599e09803d73e96e9fec7",
                "sha256:9baf77d505a59f0f0bc2d035d9aa3635f7c17a8f4c19599e3dd4c6d7ecf3d1b6",
                "sha256:9ecfd354fa8e10f3acc7dcce6d9167ace771c18f0c6ffddbd9c756bc2c066da8",
                "sha256:a621eaa58d6841968c3409fef5a4cd141fe375c2aaa5421db61657a3445341f7",
                "sha256:b0237b6bc31ac8b05ca2b6a6e9487a60cd787c5ae31e899f5d8e2f4837c3f1ef",
                "sha256:be72496a11640a7b9cb211d541682e6b7ff1b663df1c13e46abaa5b83db03171",
                "sha256:d2ba24b74ee597db13f6ae319d27c87c9ee7e9733778f554ac61c194adb64703",
                "sha256:f2f8f9f3af7579ef012d954629314ea57968d5a4914923448ea23d149d0f095d",
                "sha256:f317b25fc43c0acdcbe47afff6b0b0d749d4dd1a76f27ec1436fc759c087a585"
            ],
            "version": "==4.0.2"
        }
    },
    "develop": {}
}
